
Microsoft Visual Studio Solution File, Format Version 12.00
# Visual Studio 15
VisualStudioVersion = 15.0.27130.2020
MinimumVisualStudioVersion = 10.0.40219.1
Project("{9A19103F-16F7-4668-BE54-9A1E7A4F7556}") = "GameGuild", "GameGuild\GameGuild.csproj", "{1EEE1ECA-DB8A-4616-9814-4612C947BA9B}"
EndProject
Project("{FAE04EC0-301F-11D3-BF4B-00C04F79EFBC}") = "DataAccessLayer", "DataAccessLayer\DataAccessLayer.csproj", "{333B7DEE-8B54-4EC5-B985-48399AEADCFA}"
EndProject
Project("{FAE04EC0-301F-11D3-BF4B-00C04F79EFBC}") = "BusinessLogicLayer", "BusinessLogicLayer\BusinessLogicLayer.csproj", "{6B253E11-F639-4FD9-9FCA-1757F6E406E4}"
EndProject
Global
	GlobalSection(SolutionConfigurationPlatforms) = preSolution
		Debug|Any CPU = Debug|Any CPU
		Release|Any CPU = Release|Any CPU
	EndGlobalSection
	GlobalSection(ProjectConfigurationPlatforms) = postSolution
		{1EEE1ECA-DB8A-4616-9814-4612C947BA9B}.Debug|Any CPU.ActiveCfg = Debug|Any CPU
		{1EEE1ECA-DB8A-4616-9814-4612C947BA9B}.Debug|Any CPU.Build.0 = Debug|Any CPU
		{1EEE1ECA-DB8A-4616-9814-4612C947BA9B}.Release|Any CPU.ActiveCfg = Release|Any CPU
		{1EEE1ECA-DB8A-4616-9814-4612C947BA9B}.Release|Any CPU.Build.0 = Release|Any CPU
		{333B7DEE-8B54-4EC5-B985-48399AEADCFA}.Debug|Any CPU.ActiveCfg = Debug|Any CPU
		{333B7DEE-8B54-4EC5-B985-48399AEADCFA}.Debug|Any CPU.Build.0 = Debug|Any CPU
		{333B7DEE-8B54-4EC5-B985-48399AEADCFA}.Release|Any CPU.ActiveCfg = Release|Any CPU
		{333B7DEE-8B54-4EC5-B985-48399AEADCFA}.Release|Any CPU.Build.0 = Release|Any CPU
		{6B253E11-F639-4FD9-9FCA-1757F6E406E4}.Debug|Any CPU.ActiveCfg = Debug|Any CPU
		{6B253E11-F639-4FD9-9FCA-1757F6E406E4}.Debug|Any CPU.Build.0 = Debug|Any CPU
		{6B253E11-F639-4FD9-9FCA-1757F6E406E4}.Release|Any CPU.ActiveCfg = Release|Any CPU
		{6B253E11-F639-4FD9-9FCA-1757F6E406E4}.Release|Any CPU.Build.0 = Release|Any CPU
	EndGlobalSection
	GlobalSection(SolutionProperties) = preSolution
		HideSolutionNode = FALSE
	EndGlobalSection
	GlobalSection(ExtensibilityGlobals) = postSolution
		SolutionGuid = {B3373E9E-02F1-489A-82BE-03081CF41AEF}
	EndGlobalSection
EndGlobal
